
Microsoft Visual Studio Solution File, Format Version 12.00
# Visual Studio Version 17
VisualStudioVersion = 17.3.32922.545
MinimumVisualStudioVersion = 10.0.40219.1
Project("{FAE04EC0-301F-11D3-BF4B-00C04F79EFBC}") = "Csharp17_Array", "Csharp17_Array\Csharp17_Array.csproj", "{45425C83-2487-4CDC-8AA9-48019DDD657E}"
EndProject
Global
	GlobalSection(SolutionConfigurationPlatforms) = preSolution
		Debug|Any CPU = Debug|Any CPU
		Release|Any CPU = Release|Any CPU
	EndGlobalSection
	GlobalSection(ProjectConfigurationPlatforms) = postSolution
		{45425C83-2487-4CDC-8AA9-48019DDD657E}.Debug|Any CPU.ActiveCfg = Debug|Any CPU
		{45425C83-2487-4CDC-8AA9-48019DDD657E}.Debug|Any CPU.Build.0 = Debug|Any CPU
		{45425C83-2487-4CDC-8AA9-48019DDD657E}.Release|Any CPU.ActiveCfg = Release|Any CPU
		{45425C83-2487-4CDC-8AA9-48019DDD657E}.Release|Any CPU.Build.0 = Release|Any CPU
	EndGlobalSection
	GlobalSection(SolutionProperties) = preSolution
		HideSolutionNode = FALSE
	EndGlobalSection
	GlobalSection(ExtensibilityGlobals) = postSolution
		SolutionGuid = {B5999E98-C73E-4581-991A-33ACF1E7BE3A}
	EndGlobalSection
EndGlobal
