
Microsoft Visual Studio Solution File, Format Version 12.00
# Visual Studio Version 17
VisualStudioVersion = 17.3.32922.545
MinimumVisualStudioVersion = 10.0.40219.1
Project("{FAE04EC0-301F-11D3-BF4B-00C04F79EFBC}") = "Csharp25_Queue", "Csharp25_Queue\Csharp25_Queue.csproj", "{99424F9E-9923-4F63-AA5C-8521C79F71D1}"
EndProject
Global
	GlobalSection(SolutionConfigurationPlatforms) = preSolution
		Debug|Any CPU = Debug|Any CPU
		Release|Any CPU = Release|Any CPU
	EndGlobalSection
	GlobalSection(ProjectConfigurationPlatforms) = postSolution
		{99424F9E-9923-4F63-AA5C-8521C79F71D1}.Debug|Any CPU.ActiveCfg = Debug|Any CPU
		{99424F9E-9923-4F63-AA5C-8521C79F71D1}.Debug|Any CPU.Build.0 = Debug|Any CPU
		{99424F9E-9923-4F63-AA5C-8521C79F71D1}.Release|Any CPU.ActiveCfg = Release|Any CPU
		{99424F9E-9923-4F63-AA5C-8521C79F71D1}.Release|Any CPU.Build.0 = Release|Any CPU
	EndGlobalSection
	GlobalSection(SolutionProperties) = preSolution
		HideSolutionNode = FALSE
	EndGlobalSection
	GlobalSection(ExtensibilityGlobals) = postSolution
		SolutionGuid = {7C0557C0-5AFC-454C-A496-3CE1D0C00F20}
	EndGlobalSection
EndGlobal
