
Microsoft Visual Studio Solution File, Format Version 12.00
# Visual Studio Version 17
VisualStudioVersion = 17.3.32922.545
MinimumVisualStudioVersion = 10.0.40219.1
Project("{FAE04EC0-301F-11D3-BF4B-00C04F79EFBC}") = "Csharp28_Exception", "Csharp28_Exception\Csharp28_Exception.csproj", "{B4085106-6E95-41D8-9958-1B26EDC2910C}"
EndProject
Global
	GlobalSection(SolutionConfigurationPlatforms) = preSolution
		Debug|Any CPU = Debug|Any CPU
		Release|Any CPU = Release|Any CPU
	EndGlobalSection
	GlobalSection(ProjectConfigurationPlatforms) = postSolution
		{B4085106-6E95-41D8-9958-1B26EDC2910C}.Debug|Any CPU.ActiveCfg = Debug|Any CPU
		{B4085106-6E95-41D8-9958-1B26EDC2910C}.Debug|Any CPU.Build.0 = Debug|Any CPU
		{B4085106-6E95-41D8-9958-1B26EDC2910C}.Release|Any CPU.ActiveCfg = Release|Any CPU
		{B4085106-6E95-41D8-9958-1B26EDC2910C}.Release|Any CPU.Build.0 = Release|Any CPU
	EndGlobalSection
	GlobalSection(SolutionProperties) = preSolution
		HideSolutionNode = FALSE
	EndGlobalSection
	GlobalSection(ExtensibilityGlobals) = postSolution
		SolutionGuid = {527A4A94-68A5-4C22-A3C0-2728A1DB7B85}
	EndGlobalSection
EndGlobal
